
Microsoft Visual Studio Solution File, Format Version 12.00
# Visual Studio Version 17
VisualStudioVersion = 17.8.34408.163
MinimumVisualStudioVersion = 10.0.40219.1
Project("{FAE04EC0-301F-11D3-BF4B-00C04F79EFBC}") = "Background Jobs (Tasks) Using Hangfire in .Net 8", "Background Jobs (Tasks) Using Hangfire in .Net 8\Background Jobs (Tasks) Using Hangfire in .Net 8.csproj", "{0931F181-B30A-4916-8C84-520706A471D1}"
EndProject
Global
	GlobalSection(SolutionConfigurationPlatforms) = preSolution
		Debug|Any CPU = Debug|Any CPU
		Release|Any CPU = Release|Any CPU
	EndGlobalSection
	GlobalSection(ProjectConfigurationPlatforms) = postSolution
		{0931F181-B30A-4916-8C84-520706A471D1}.Debug|Any CPU.ActiveCfg = Debug|Any CPU
		{0931F181-B30A-4916-8C84-520706A471D1}.Debug|Any CPU.Build.0 = Debug|Any CPU
		{0931F181-B30A-4916-8C84-520706A471D1}.Release|Any CPU.ActiveCfg = Release|Any CPU
		{0931F181-B30A-4916-8C84-520706A471D1}.Release|Any CPU.Build.0 = Release|Any CPU
	EndGlobalSection
	GlobalSection(SolutionProperties) = preSolution
		HideSolutionNode = FALSE
	EndGlobalSection
	GlobalSection(ExtensibilityGlobals) = postSolution
		SolutionGuid = {C36EDD88-8A52-45C2-97F3-378F7FA9CF9F}
	EndGlobalSection
EndGlobal
